// !$*UTF8*$!
{
	archiveVersion = 1;
	classes = {
	};
	objectVersion = 46;
	objects = {

/* Begin PBXBuildFile section */
		DC4D06B91DD339D70039A072 /* AppDelegate.swift in Sources */ = {isa = PBXBuildFile; fileRef = DC4D06B81DD339D70039A072 /* AppDelegate.swift */; };
		DC4D06BB1DD339D70039A072 /* ViewController.swift in Sources */ = {isa = PBXBuildFile; fileRef = DC4D06BA1DD339D70039A072 /* ViewController.swift */; };
		DC4D06BE1DD339D70039A072 /* Main.storyboard in Resources */ = {isa = PBXBuildFile; fileRef = DC4D06BC1DD339D70039A072 /* Main.storyboard */; };
		DC4D06C01DD339D70039A072 /* Assets.xcassets in Resources */ = {isa = PBXBuildFile; fileRef = DC4D06BF1DD339D70039A072 /* Assets.xcassets */; };
		DC4D06C31DD339D70039A072 /* LaunchScreen.storyboard in Resources */ = {isa = PBXBuildFile; fileRef = DC4D06C11DD339D70039A072 /* LaunchScreen.storyboard */; };
		DC4D06D01DD33FAC0039A072 /* board.png in Resources */ = {isa = PBXBuildFile; fileRef = DC4D06CB1DD33FAC0039A072 /* board.png */; };
		DC4D06D11DD33FAC0039A072 /* Cartoon-Springs-PPT-Backgrounds-1024x768.jpg in Resources */ = {isa = PBXBuildFile; fileRef = DC4D06CC1DD33FAC0039A072 /* Cartoon-Springs-PPT-Backgrounds-1024x768.jpg */; };
		DC4D06D21DD33FAC0039A072 /* note1.png in Resources */ = {isa = PBXBuildFile; fileRef = DC4D06CD1DD33FAC0039A072 /* note1.png */; };
		DC4D06D31DD33FAC0039A072 /* note2.png in Resources */ = {isa = PBXBuildFile; fileRef = DC4D06CE1DD33FAC0039A072 /* note2.png */; };
		DC4D06D41DD33FAC0039A072 /* note3.png in Resources */ = {isa = PBXBuildFile; fileRef = DC4D06CF1DD33FAC0039A072 /* note3.png */; };
/* End PBXBuildFile section */

/* Begin PBXFileReference section */
		DC4D06B51DD339D70039A072 /* Math Chil.app */ = {isa = PBXFileReference; explicitFileType = wrapper.application; includeInIndex = 0; path = "Math Chil.app"; sourceTree = BUILT_PRODUCTS_DIR; };
		DC4D06B81DD339D70039A072 /* AppDelegate.swift */ = {isa = PBXFileReference; lastKnownFileType = sourcecode.swift; path = AppDelegate.swift; sourceTree = "<group>"; };
		DC4D06BA1DD339D70039A072 /* ViewController.swift */ = {isa = PBXFileReference; lastKnownFileType = sourcecode.swift; path = ViewController.swift; sourceTree = "<group>"; };
		DC4D06BD1DD339D70039A072 /* Base */ = {isa = PBXFileReference; lastKnownFileType = file.storyboard; name = Base; path = Base.lproj/Main.storyboard; sourceTree = "<group>"; };
		DC4D06BF1DD339D70039A072 /* Assets.xcassets */ = {isa = PBXFileReference; lastKnownFileType = folder.assetcatalog; path = Assets.xcassets; sourceTree = "<group>"; };
		DC4D06C21DD339D70039A072 /* Base */ = {isa = PBXFileReference; lastKnownFileType = file.storyboard; name = Base; path = Base.lproj/LaunchScreen.storyboard; sourceTree = "<group>"; };
		DC4D06C41DD339D70039A072 /* Info.plist */ = {isa = PBXFileReference; lastKnownFileType = text.plist.xml; path = Info.plist; sourceTree = "<group>"; };
		DC4D06CB1DD33FAC0039A072 /* board.png */ = {isa = PBXFileReference; lastKnownFileType = image.png; path = board.png; sourceTree = "<group>"; };
		DC4D06CC1DD33FAC0039A072 /* Cartoon-Springs-PPT-Backgrounds-1024x768.jpg */ = {isa = PBXFileReference; lastKnownFileType = image.jpeg; path = "Cartoon-Springs-PPT-Backgrounds-1024x768.jpg"; sourceTree = "<group>"; };
		DC4D06CD1DD33FAC0039A072 /* note1.png */ = {isa = PBXFileReference; lastKnownFileType = image.png; path = note1.png; sourceTree = "<group>"; };
		DC4D06CE1DD33FAC0039A072 /* note2.png */ = {isa = PBXFileReference; lastKnownFileType = image.png; path = note2.png; sourceTree = "<group>"; };
		DC4D06CF1DD33FAC0039A072 /* note3.png */ = {isa = PBXFileReference; lastKnownFileType = image.png; path = note3.png; sourceTree = "<group>"; };
/* End PBXFileReference section */

/* Begin PBXFrameworksBuildPhase section */
		DC4D06B21DD339D70039A072 /* Frameworks */ = {
			isa = PBXFrameworksBuildPhase;
			buildActionMask = 2147483647;
			files = (
			);
			runOnlyForDeploymentPostprocessing = 0;
		};
/* End PBXFrameworksBuildPhase section */

/* Begin PBXGroup section */
		DC4D06AC1DD339D70039A072 = {
			isa = PBXGroup;
			children = (
				DC4D06B71DD339D70039A072 /* Math Chil */,
				DC4D06B61DD339D70039A072 /* Products */,
			);
			sourceTree = "<group>";
		};
		DC4D06B61DD339D70039A072 /* Products */ = {
			isa = PBXGroup;
			children = (
				DC4D06B51DD339D70039A072 /* Math Chil.app */,
			);
			name = Products;
			sourceTree = "<group>";
		};
		DC4D06B71DD339D70039A072 /* Math Chil */ = {
			isa = PBXGroup;
			children = (
				DC4D06B81DD339D70039A072 /* AppDelegate.swift */,
				DC4D06BA1DD339D70039A072 /* ViewController.swift */,
				DC4D06BC1DD339D70039A072 /* Main.storyboard */,
				DC4D06BF1DD339D70039A072 /* Assets.xcassets */,
				DC4D06C11DD339D70039A072 /* LaunchScreen.storyboard */,
				DC4D06C41DD339D70039A072 /* Info.plist */,
				DC4D06CA1DD33F960039A072 /* Resoure */,
			);
			path = "Math Chil";
			sourceTree = "<group>";
		};
		DC4D06CA1DD33F960039A072 /* Resoure */ = {
			isa = PBXGroup;
			children = (
				DC4D06CB1DD33FAC0039A072 /* board.png */,
				DC4D06CC1DD33FAC0039A072 /* Cartoon-Springs-PPT-Backgrounds-1024x768.jpg */,
				DC4D06CD1DD33FAC0039A072 /* note1.png */,
				DC4D06CE1DD33FAC0039A072 /* note2.png */,
				DC4D06CF1DD33FAC0039A072 /* note3.png */,
			);
			name = Resoure;
			sourceTree = "<group>";
		};
/* End PBXGroup section */

/* Begin PBXNativeTarget section */
		DC4D06B41DD339D70039A072 /* Math Chil */ = {
			isa = PBXNativeTarget;
			buildConfigurationList = DC4D06C71DD339D70039A072 /* Build configuration list for PBXNativeTarget "Math Chil" */;
			buildPhases = (
				DC4D06B11DD339D70039A072 /* Sources */,
				DC4D06B21DD339D70039A072 /* Frameworks */,
				DC4D06B31DD339D70039A072 /* Resources */,
			);
			buildRules = (
			);
			dependencies = (
			);
			name = "Math Chil";
			productName = "Math Chil";
			productReference = DC4D06B51DD339D70039A072 /* Math Chil.app */;
			productType = "com.apple.product-type.application";
		};
/* End PBXNativeTarget section */

/* Begin PBXProject section */
		DC4D06AD1DD339D70039A072 /* Project object */ = {
			isa = PBXProject;
			attributes = {
				LastSwiftUpdateCheck = 0810;
				LastUpgradeCheck = 0810;
				ORGANIZATIONNAME = doantuan;
				TargetAttributes = {
					DC4D06B41DD339D70039A072 = {
						CreatedOnToolsVersion = 8.1;
						DevelopmentTeam = 25ZS53YZR8;
						ProvisioningStyle = Automatic;
					};
				};
			};
			buildConfigurationList = DC4D06B01DD339D70039A072 /* Build configuration list for PBXProject "Math Chil" */;
			compatibilityVersion = "Xcode 3.2";
			developmentRegion = English;
			hasScannedForEncodings = 0;
			knownRegions = (
				en,
				Base,
			);
			mainGroup = DC4D06AC1DD339D70039A072;
			productRefGroup = DC4D06B61DD339D70039A072 /* Products */;
			projectDirPath = "";
			projectRoot = "";
			targets = (
				DC4D06B41DD339D70039A072 /* Math Chil */,
			);
		};
/* End PBXProject section */

/* Begin PBXResourcesBuildPhase section */
		DC4D06B31DD339D70039A072 /* Resources */ = {
			isa = PBXResourcesBuildPhase;
			buildActionMask = 2147483647;
			files = (
				DC4D06D01DD33FAC0039A072 /* board.png in Resources */,
				DC4D06C31DD339D70039A072 /* LaunchScreen.storyboard in Resources */,
				DC4D06C01DD339D70039A072 /* Assets.xcassets in Resources */,
				DC4D06D31DD33FAC0039A072 /* note2.png in Resources */,
				DC4D06D21DD33FAC0039A072 /* note1.png in Resources */,
				DC4D06D41DD33FAC0039A072 /* note3.png in Resources */,
				DC4D06BE1DD339D70039A072 /* Main.storyboard in Resources */,
				DC4D06D11DD33FAC0039A072 /* Cartoon-Springs-PPT-Backgrounds-1024x768.jpg in Resources */,
			);
			runOnlyForDeploymentPostprocessing = 0;
		};
/* End PBXResourcesBuildPhase section */

/* Begin PBXSourcesBuildPhase section */
		DC4D06B11DD339D70039A072 /* Sources */ = {
			isa = PBXSourcesBuildPhase;
			buildActionMask = 2147483647;
			files = (
				DC4D06BB1DD339D70039A072 /* ViewController.swift in Sources */,
				DC4D06B91DD339D70039A072 /* AppDelegate.swift in Sources */,
			);
			runOnlyForDeploymentPostprocessing = 0;
		};
/* End PBXSourcesBuildPhase section */

/* Begin PBXVariantGroup section */
		DC4D06BC1DD339D70039A072 /* Main.storyboard */ = {
			isa = PBXVariantGroup;
			children = (
				DC4D06BD1DD339D70039A072 /* Base */,
			);
			name = Main.storyboard;
			sourceTree = "<group>";
		};
		DC4D06C11DD339D70039A072 /* LaunchScreen.storyboard */ = {
			isa = PBXVariantGroup;
			children = (
				DC4D06C21DD339D70039A072 /* Base */,
			);
			name = LaunchScreen.storyboard;
			sourceTree = "<group>";
		};
/* End PBXVariantGroup section */

/* Begin XCBuildConfiguration section */
		DC4D06C51DD339D70039A072 /* Debug */ = {
			isa = XCBuildConfiguration;
			buildSettings = {
				ALWAYS_SEARCH_USER_PATHS = NO;
				CLANG_ANALYZER_NONNULL = YES;
				CLANG_CXX_LANGUAGE_STANDARD = "gnu++0x";
				CLANG_CXX_LIBRARY = "libc++";
				CLANG_ENABLE_MODULES = YES;
				CLANG_ENABLE_OBJC_ARC = YES;
				CLANG_WARN_BOOL_CONVERSION = YES;
				CLANG_WARN_CONSTANT_CONVERSION = YES;
				CLANG_WARN_DIRECT_OBJC_ISA_USAGE = YES_ERROR;
				CLANG_WARN_DOCUMENTATION_COMMENTS = YES;
				CLANG_WARN_EMPTY_BODY = YES;
				CLANG_WARN_ENUM_CONVERSION = YES;
				CLANG_WARN_INFINITE_RECURSION = YES;
				CLANG_WARN_INT_CONVERSION = YES;
				CLANG_WARN_OBJC_ROOT_CLASS = YES_ERROR;
				CLANG_WARN_SUSPICIOUS_MOVES = YES;
				CLANG_WARN_UNREACHABLE_CODE = YES;
				CLANG_WARN__DUPLICATE_METHOD_MATCH = YES;
				"CODE_SIGN_IDENTITY[sdk=iphoneos*]" = "iPhone Developer";
				COPY_PHASE_STRIP = NO;
				DEBUG_INFORMATION_FORMAT = dwarf;
				ENABLE_STRICT_OBJC_MSGSEND = YES;
				ENABLE_TESTABILITY = YES;
				GCC_C_LANGUAGE_STANDARD = gnu99;
				GCC_DYNAMIC_NO_PIC = NO;
				GCC_NO_COMMON_BLOCKS = YES;
				GCC_OPTIMIZATION_LEVEL = 0;
				GCC_PREPROCESSOR_DEFINITIONS = (
					"DEBUG=1",
					"$(inherited)",
				);
				GCC_WARN_64_TO_32_BIT_CONVERSION = YES;
				GCC_WARN_ABOUT_RETURN_TYPE = YES_ERROR;
				GCC_WARN_UNDECLARED_SELECTOR = YES;
				GCC_WARN_UNINITIALIZED_AUTOS = YES_AGGRESSIVE;
				GCC_WARN_UNUSED_FUNCTION = YES;
				GCC_WARN_UNUSED_VARIABLE = YES;
				IPHONEOS_DEPLOYMENT_TARGET = 10.1;
				MTL_ENABLE_DEBUG_INFO = YES;
				ONLY_ACTIVE_ARCH = YES;
				SDKROOT = iphoneos;
				SWIFT_ACTIVE_COMPILATION_CONDITIONS = DEBUG;
				SWIFT_OPTIMIZATION_LEVEL = "-Onone";
			};
			name = Debug;
		};
		DC4D06C61DD339D70039A072 /* Release */ = {
			isa = XCBuildConfiguration;
			buildSettings = {
				ALWAYS_SEARCH_USER_PATHS = NO;
				CLANG_ANALYZER_NONNULL = YES;
				CLANG_CXX_LANGUAGE_STANDARD = "gnu++0x";
				CLANG_CXX_LIBRARY = "libc++";
				CLANG_ENABLE_MODULES = YES;
				CLANG_ENABLE_OBJC_ARC = YES;
				CLANG_WARN_BOOL_CONVERSION = YES;
				CLANG_WARN_CONSTANT_CONVERSION = YES;
				CLANG_WARN_DIRECT_OBJC_ISA_USAGE = YES_ERROR;
				CLANG_WARN_DOCUMENTATION_COMMENTS = YES;
				CLANG_WARN_EMPTY_BODY = YES;
				CLANG_WARN_ENUM_CONVERSION = YES;
				CLANG_WARN_INFINITE_RECURSION = YES;
				CLANG_WARN_INT_CONVERSION = YES;
				CLANG_WARN_OBJC_ROOT_CLASS = YES_ERROR;
				CLANG_WARN_SUSPICIOUS_MOVES = YES;
				CLANG_WARN_UNREACHABLE_CODE = YES;
				CLANG_WARN__DUPLICATE_METHOD_MATCH = YES;
				"CODE_SIGN_IDENTITY[sdk=iphoneos*]" = "iPhone Developer";
				COPY_PHASE_STRIP = NO;
				DEBUG_INFORMATION_FORMAT = "dwarf-with-dsym";
				ENABLE_NS_ASSERTIONS = NO;
				ENABLE_STRICT_OBJC_MSGSEND = YES;
				GCC_C_LANGUAGE_STANDARD = gnu99;
				GCC_NO_COMMON_BLOCKS = YES;
				GCC_WARN_64_TO_32_BIT_CONVERSION = YES;
				GCC_WARN_ABOUT_RETURN_TYPE = YES_ERROR;
				GCC_WARN_UNDECLARED_SELECTOR = YES;
				GCC_WARN_UNINITIALIZED_AUTOS = YES_AGGRESSIVE;
				GCC_WARN_UNUSED_FUNCTION = YES;
				GCC_WARN_UNUSED_VARIABLE = YES;
				IPHONEOS_DEPLOYMENT_TARGET = 10.1;
				MTL_ENABLE_DEBUG_INFO = NO;
				SDKROOT = iphoneos;
				SWIFT_OPTIMIZATION_LEVEL = "-Owholemodule";
				VALIDATE_PRODUCT = YES;
			};
			name = Release;
		};
		DC4D06C81DD339D70039A072 /* Debug */ = {
			isa = XCBuildConfiguration;
			buildSettings = {
				ASSETCATALOG_COMPILER_APPICON_NAME = AppIcon;
				DEVELOPMENT_TEAM = 25ZS53YZR8;
				INFOPLIST_FILE = "Math Chil/Info.plist";
				LD_RUNPATH_SEARCH_PATHS = "$(inherited) @executable_path/Frameworks";
				PRODUCT_BUNDLE_IDENTIFIER = "doantuan.Math-Chil";
				PRODUCT_NAME = "$(TARGET_NAME)";
				SWIFT_VERSION = 3.0;
			};
			name = Debug;
		};
		DC4D06C91DD339D70039A072 /* Release */ = {
			isa = XCBuildConfiguration;
			buildSettings = {
				ASSETCATALOG_COMPILER_APPICON_NAME = AppIcon;
				DEVELOPMENT_TEAM = 25ZS53YZR8;
				INFOPLIST_FILE = "Math Chil/Info.plist";
				LD_RUNPATH_SEARCH_PATHS = "$(inherited) @executable_path/Frameworks";
				PRODUCT_BUNDLE_IDENTIFIER = "doantuan.Math-Chil";
				PRODUCT_NAME = "$(TARGET_NAME)";
				SWIFT_VERSION = 3.0;
			};
			name = Release;
		};
/* End XCBuildConfiguration section */

/* Begin XCConfigurationList section */
		DC4D06B01DD339D70039A072 /* Build configuration list for PBXProject "Math Chil" */ = {
			isa = XCConfigurationList;
			buildConfigurations = (
				DC4D06C51DD339D70039A072 /* Debug */,
				DC4D06C61DD339D70039A072 /* Release */,
			);
			defaultConfigurationIsVisible = 0;
			defaultConfigurationName = Release;
		};
		DC4D06C71DD339D70039A072 /* Build configuration list for PBXNativeTarget "Math Chil" */ = {
			isa = XCConfigurationList;
			buildConfigurations = (
				DC4D06C81DD339D70039A072 /* Debug */,
				DC4D06C91DD339D70039A072 /* Release */,
			);
			defaultConfigurationIsVisible = 0;
		};
/* End XCConfigurationList section */
	};
	rootObject = DC4D06AD1DD339D70039A072 /* Project object */;
}
